
Microsoft Visual Studio Solution File, Format Version 12.00
# Visual Studio Version 16
VisualStudioVersion = 16.0.30114.105
MinimumVisualStudioVersion = 10.0.40219.1
Project("{FAE04EC0-301F-11D3-BF4B-00C04F79EFBC}") = "ConsoleApp1", "ConsoleApp1\ConsoleApp1.csproj", "{DC67F2D2-AEB1-4F64-89CB-65011C5F5CCC}"
EndProject
Global
	GlobalSection(SolutionConfigurationPlatforms) = preSolution
		Debug|Any CPU = Debug|Any CPU
		Release|Any CPU = Release|Any CPU
	EndGlobalSection
	GlobalSection(ProjectConfigurationPlatforms) = postSolution
		{DC67F2D2-AEB1-4F64-89CB-65011C5F5CCC}.Debug|Any CPU.ActiveCfg = Debug|Any CPU
		{DC67F2D2-AEB1-4F64-89CB-65011C5F5CCC}.Debug|Any CPU.Build.0 = Debug|Any CPU
		{DC67F2D2-AEB1-4F64-89CB-65011C5F5CCC}.Release|Any CPU.ActiveCfg = Release|Any CPU
		{DC67F2D2-AEB1-4F64-89CB-65011C5F5CCC}.Release|Any CPU.Build.0 = Release|Any CPU
	EndGlobalSection
	GlobalSection(SolutionProperties) = preSolution
		HideSolutionNode = FALSE
	EndGlobalSection
	GlobalSection(ExtensibilityGlobals) = postSolution
		SolutionGuid = {F8FD8617-5376-46D1-BAEA-744E2E4A0734}
	EndGlobalSection
EndGlobal
