
Microsoft Visual Studio Solution File, Format Version 12.00
# Visual Studio Version 16
VisualStudioVersion = 16.0.30114.105
MinimumVisualStudioVersion = 10.0.40219.1
Project("{FAE04EC0-301F-11D3-BF4B-00C04F79EFBC}") = "WindowsFormsApp1", "WindowsFormsApp1\WindowsFormsApp1.csproj", "{1A71C2E6-1E68-4390-B74E-611571CDB705}"
EndProject
Global
	GlobalSection(SolutionConfigurationPlatforms) = preSolution
		Debug|Any CPU = Debug|Any CPU
		Release|Any CPU = Release|Any CPU
	EndGlobalSection
	GlobalSection(ProjectConfigurationPlatforms) = postSolution
		{1A71C2E6-1E68-4390-B74E-611571CDB705}.Debug|Any CPU.ActiveCfg = Debug|Any CPU
		{1A71C2E6-1E68-4390-B74E-611571CDB705}.Debug|Any CPU.Build.0 = Debug|Any CPU
		{1A71C2E6-1E68-4390-B74E-611571CDB705}.Release|Any CPU.ActiveCfg = Release|Any CPU
		{1A71C2E6-1E68-4390-B74E-611571CDB705}.Release|Any CPU.Build.0 = Release|Any CPU
	EndGlobalSection
	GlobalSection(SolutionProperties) = preSolution
		HideSolutionNode = FALSE
	EndGlobalSection
	GlobalSection(ExtensibilityGlobals) = postSolution
		SolutionGuid = {45CBE70C-F29A-4C43-B4F8-F78273A33198}
	EndGlobalSection
EndGlobal
